Microsoft Visual Studio Solution File, Format Version 12.00
# Visual Studio Version 17
VisualStudioVersion = 17.5.2.0
MinimumVisualStudioVersion = 10.0.40219.1
Project("{2150E333-8FDC-42A3-9474-1A3956D46DE8}") = "src", "src", "{827E0CD3-B72D-47B6-A68D-7590B98EB39B}"
EndProject
Project("{FAE04EC0-301F-11D3-BF4B-00C04F79EFBC}") = "acp-proxy", "src\acp-proxy\acp-proxy.csproj", "{D6D22CF6-BE55-550C-EC4A-1D5C802F2FF4}"
EndProject
Global
	GlobalSection(SolutionConfigurationPlatforms) = preSolution
		Debug|Any CPU = Debug|Any CPU
		Release|Any CPU = Release|Any CPU
	EndGlobalSection
	GlobalSection(ProjectConfigurationPlatforms) = postSolution
		{D6D22CF6-BE55-550C-EC4A-1D5C802F2FF4}.Debug|Any CPU.ActiveCfg = Debug|Any CPU
		{D6D22CF6-BE55-550C-EC4A-1D5C802F2FF4}.Debug|Any CPU.Build.0 = Debug|Any CPU
		{D6D22CF6-BE55-550C-EC4A-1D5C802F2FF4}.Release|Any CPU.ActiveCfg = Release|Any CPU
		{D6D22CF6-BE55-550C-EC4A-1D5C802F2FF4}.Release|Any CPU.Build.0 = Release|Any CPU
	EndGlobalSection
	GlobalSection(SolutionProperties) = preSolution
		HideSolutionNode = FALSE
	EndGlobalSection
	GlobalSection(NestedProjects) = preSolution
		{D6D22CF6-BE55-550C-EC4A-1D5C802F2FF4} = {827E0CD3-B72D-47B6-A68D-7590B98EB39B}
	EndGlobalSection
	GlobalSection(ExtensibilityGlobals) = postSolution
		SolutionGuid = {4EAC7F29-FE88-41B3-960A-16C2347D7564}
	EndGlobalSection
EndGlobal
